
Microsoft Visual Studio Solution File, Format Version 12.00
# Visual Studio 14
VisualStudioVersion = 14.0.25420.1
MinimumVisualStudioVersion = 10.0.40219.1
Project("{2150E333-8FDC-42A3-9474-1A3956D46DE8}") = "Common", "Common", "{6B65D45E-C779-4D6D-8AF1-0E35E886ACC1}"
EndProject
Project("{8BB2217D-0F2D-49D1-97BC-3654ED321F3B}") = "DecoratorPattern", "Common\DecoratorPattern\DecoratorPattern.xproj", "{A662A653-1A0D-4293-A2A7-EE34E06DC1B0}"
EndProject
Project("{8BB2217D-0F2D-49D1-97BC-3654ED321F3B}") = "VisitorPattern", "Common\VisitorPattern\VisitorPattern.xproj", "{3078D46E-2201-4EBB-ADD2-DE9A66461AC6}"
EndProject
Project("{8BB2217D-0F2D-49D1-97BC-3654ED321F3B}") = "CompositePattern", "Common\CompositePattern\CompositePattern.xproj", "{B8CF2A26-689C-4369-B212-129E05CB0097}"
EndProject
Global
	GlobalSection(SolutionConfigurationPlatforms) = preSolution
		Debug|Any CPU = Debug|Any CPU
		Release|Any CPU = Release|Any CPU
	EndGlobalSection
	GlobalSection(ProjectConfigurationPlatforms) = postSolution
		{A662A653-1A0D-4293-A2A7-EE34E06DC1B0}.Debug|Any CPU.ActiveCfg = Debug|Any CPU
		{A662A653-1A0D-4293-A2A7-EE34E06DC1B0}.Debug|Any CPU.Build.0 = Debug|Any CPU
		{A662A653-1A0D-4293-A2A7-EE34E06DC1B0}.Release|Any CPU.ActiveCfg = Release|Any CPU
		{A662A653-1A0D-4293-A2A7-EE34E06DC1B0}.Release|Any CPU.Build.0 = Release|Any CPU
		{3078D46E-2201-4EBB-ADD2-DE9A66461AC6}.Debug|Any CPU.ActiveCfg = Debug|Any CPU
		{3078D46E-2201-4EBB-ADD2-DE9A66461AC6}.Debug|Any CPU.Build.0 = Debug|Any CPU
		{3078D46E-2201-4EBB-ADD2-DE9A66461AC6}.Release|Any CPU.ActiveCfg = Release|Any CPU
		{3078D46E-2201-4EBB-ADD2-DE9A66461AC6}.Release|Any CPU.Build.0 = Release|Any CPU
		{B8CF2A26-689C-4369-B212-129E05CB0097}.Debug|Any CPU.ActiveCfg = Debug|Any CPU
		{B8CF2A26-689C-4369-B212-129E05CB0097}.Debug|Any CPU.Build.0 = Debug|Any CPU
		{B8CF2A26-689C-4369-B212-129E05CB0097}.Release|Any CPU.ActiveCfg = Release|Any CPU
		{B8CF2A26-689C-4369-B212-129E05CB0097}.Release|Any CPU.Build.0 = Release|Any CPU
	EndGlobalSection
	GlobalSection(SolutionProperties) = preSolution
		HideSolutionNode = FALSE
	EndGlobalSection
	GlobalSection(NestedProjects) = preSolution
		{A662A653-1A0D-4293-A2A7-EE34E06DC1B0} = {6B65D45E-C779-4D6D-8AF1-0E35E886ACC1}
		{3078D46E-2201-4EBB-ADD2-DE9A66461AC6} = {6B65D45E-C779-4D6D-8AF1-0E35E886ACC1}
		{B8CF2A26-689C-4369-B212-129E05CB0097} = {6B65D45E-C779-4D6D-8AF1-0E35E886ACC1}
	EndGlobalSection
EndGlobal
